PODS:
  - CXAlertView (1.1.0)
  - FileBrowser (0.1.4)
  - PSPDFKit (5.3.7)
  - PySwiftyRegex (0.2.2)

DEPENDENCIES:
  - CXAlertView
  - FileBrowser (~> 0.1)
  - PSPDFKit (from `https://customers.pspdfkit.com/cocoapods/07zJIrQpBT01ce0XuO1zzhbF6rLOLFfBni968oB2_8rcq2VNmGAwcT_WN5Oi3oInuDLDwsSixPURzOCRnceO_w/latest.podspec`)
  - PySwiftyRegex (~> 0.2.0)

EXTERNAL SOURCES:
  PSPDFKit:
    :podspec: https://customers.pspdfkit.com/cocoapods/07zJIrQpBT01ce0XuO1zzhbF6rLOLFfBni968oB2_8rcq2VNmGAwcT_WN5Oi3oInuDLDwsSixPURzOCRnceO_w/latest.podspec

SPEC CHECKSUMS:
  CXAlertView: 7387ca9af81796ab22d26ff2fc3cfcb082f3ee09
  FileBrowser: 4e48c118606571cf59fd1d20930ac41887c026d0
  PSPDFKit: cbfa94e5f115d4c6ed2bf0ec7e84d93f7c9c81e0
  PySwiftyRegex: 78f989c59ee3bec812f9dc980b3723d60d0e5dca

COCOAPODS: 0.39.0
