// !$*UTF8*$!
{
	archiveVersion = 1;
	classes = {
	};
	objectVersion = 46;
	objects = {

/* Begin PBXBuildFile section */
		302878F1D4CA22565BCEF763 /* Pods_EssayCorrector.framework in Frameworks */ = {isa = PBXBuildFile; fileRef = A67D9091E9E2B8F3E4237352 /* Pods_EssayCorrector.framework */; };
		4D287DAF1CCD7BF8009F6093 /* Black_Cat.pdf in Resources */ = {isa = PBXBuildFile; fileRef = 4D287DAE1CCD7BF8009F6093 /* Black_Cat.pdf */; };
		4D2AD9931CC5D52B000E8812 /* AppDelegate.swift in Sources */ = {isa = PBXBuildFile; fileRef = 4D2AD9921CC5D52B000E8812 /* AppDelegate.swift */; };
		4D2AD9951CC5D52B000E8812 /* ViewController.swift in Sources */ = {isa = PBXBuildFile; fileRef = 4D2AD9941CC5D52B000E8812 /* ViewController.swift */; };
		4D2AD9981CC5D52B000E8812 /* Main.storyboard in Resources */ = {isa = PBXBuildFile; fileRef = 4D2AD9961CC5D52B000E8812 /* Main.storyboard */; };
		4D2AD99A1CC5D52B000E8812 /* Assets.xcassets in Resources */ = {isa = PBXBuildFile; fileRef = 4D2AD9991CC5D52B000E8812 /* Assets.xcassets */; };
		4D2AD99D1CC5D52B000E8812 /* LaunchScreen.storyboard in Resources */ = {isa = PBXBuildFile; fileRef = 4D2AD99B1CC5D52B000E8812 /* LaunchScreen.storyboard */; };
		4D2AD9A81CC5D52B000E8812 /* EssayCorrectorTests.swift in Sources */ = {isa = PBXBuildFile; fileRef = 4D2AD9A71CC5D52B000E8812 /* EssayCorrectorTests.swift */; };
		4D2AD9B31CC5D52B000E8812 /* EssayCorrectorUITests.swift in Sources */ = {isa = PBXBuildFile; fileRef = 4D2AD9B21CC5D52B000E8812 /* EssayCorrectorUITests.swift */; };
		4DDCE2621CD68D8D0008C95C /* Utilities.swift in Sources */ = {isa = PBXBuildFile; fileRef = 4DDCE2611CD68D8D0008C95C /* Utilities.swift */; };
/* End PBXBuildFile section */

/* Begin PBXContainerItemProxy section */
		4D2AD9A41CC5D52B000E8812 /* PBXContainerItemProxy */ = {
			isa = PBXContainerItemProxy;
			containerPortal = 4D2AD9871CC5D52B000E8812 /* Project object */;
			proxyType = 1;
			remoteGlobalIDString = 4D2AD98E1CC5D52B000E8812;
			remoteInfo = EssayCorrector;
		};
		4D2AD9AF1CC5D52B000E8812 /* PBXContainerItemProxy */ = {
			isa = PBXContainerItemProxy;
			containerPortal = 4D2AD9871CC5D52B000E8812 /* Project object */;
			proxyType = 1;
			remoteGlobalIDString = 4D2AD98E1CC5D52B000E8812;
			remoteInfo = EssayCorrector;
		};
/* End PBXContainerItemProxy section */

/* Begin PBXFileReference section */
		20FB8F5659A44E200417C114 /* Pods-EssayCorrector.debug.xcconfig */ = {isa = PBXFileReference; includeInIndex = 1; lastKnownFileType = text.xcconfig; name = "Pods-EssayCorrector.debug.xcconfig"; path = "Pods/Target Support Files/Pods-EssayCorrector/Pods-EssayCorrector.debug.xcconfig"; sourceTree = "<group>"; };
		4D287DAE1CCD7BF8009F6093 /* Black_Cat.pdf */ = {isa = PBXFileReference; lastKnownFileType = image.pdf; path = Black_Cat.pdf; sourceTree = "<group>"; };
		4D2AD98F1CC5D52B000E8812 /* EssayCorrector.app */ = {isa = PBXFileReference; explicitFileType = wrapper.application; includeInIndex = 0; path = EssayCorrector.app; sourceTree = BUILT_PRODUCTS_DIR; };
		4D2AD9921CC5D52B000E8812 /* AppDelegate.swift */ = {isa = PBXFileReference; lastKnownFileType = sourcecode.swift; path = AppDelegate.swift; sourceTree = "<group>"; };
		4D2AD9941CC5D52B000E8812 /* ViewController.swift */ = {isa = PBXFileReference; lastKnownFileType = sourcecode.swift; path = ViewController.swift; sourceTree = "<group>"; };
		4D2AD9971CC5D52B000E8812 /* Base */ = {isa = PBXFileReference; lastKnownFileType = file.storyboard; name = Base; path = Base.lproj/Main.storyboard; sourceTree = "<group>"; };
		4D2AD9991CC5D52B000E8812 /* Assets.xcassets */ = {isa = PBXFileReference; lastKnownFileType = folder.assetcatalog; path = Assets.xcassets; sourceTree = "<group>"; };
		4D2AD99C1CC5D52B000E8812 /* Base */ = {isa = PBXFileReference; lastKnownFileType = file.storyboard; name = Base; path = Base.lproj/LaunchScreen.storyboard; sourceTree = "<group>"; };
		4D2AD99E1CC5D52B000E8812 /* Info.plist */ = {isa = PBXFileReference; lastKnownFileType = text.plist.xml; path = Info.plist; sourceTree = "<group>"; };
		4D2AD9A31CC5D52B000E8812 /* EssayCorrectorTests.xctest */ = {isa = PBXFileReference; explicitFileType = wrapper.cfbundle; includeInIndex = 0; path = EssayCorrectorTests.xctest; sourceTree = BUILT_PRODUCTS_DIR; };
		4D2AD9A71CC5D52B000E8812 /* EssayCorrectorTests.swift */ = {isa = PBXFileReference; lastKnownFileType = sourcecode.swift; path = EssayCorrectorTests.swift; sourceTree = "<group>"; };
		4D2AD9A91CC5D52B000E8812 /* Info.plist */ = {isa = PBXFileReference; lastKnownFileType = text.plist.xml; path = Info.plist; sourceTree = "<group>"; };
		4D2AD9AE1CC5D52B000E8812 /* EssayCorrectorUITests.xctest */ = {isa = PBXFileReference; explicitFileType = wrapper.cfbundle; includeInIndex = 0; path = EssayCorrectorUITests.xctest; sourceTree = BUILT_PRODUCTS_DIR; };
		4D2AD9B21CC5D52B000E8812 /* EssayCorrectorUITests.swift */ = {isa = PBXFileReference; lastKnownFileType = sourcecode.swift; path = EssayCorrectorUITests.swift; sourceTree = "<group>"; };
		4D2AD9B41CC5D52B000E8812 /* Info.plist */ = {isa = PBXFileReference; lastKnownFileType = text.plist.xml; path = Info.plist; sourceTree = "<group>"; };
		4DDCE2611CD68D8D0008C95C /* Utilities.swift */ = {isa = PBXFileReference; fileEncoding = 4; lastKnownFileType = sourcecode.swift; path = Utilities.swift; sourceTree = "<group>"; };
		7F9F20C46E20E908AF3405AD /* Pods-EssayCorrector.release.xcconfig */ = {isa = PBXFileReference; includeInIndex = 1; lastKnownFileType = text.xcconfig; name = "Pods-EssayCorrector.release.xcconfig"; path = "Pods/Target Support Files/Pods-EssayCorrector/Pods-EssayCorrector.release.xcconfig"; sourceTree = "<group>"; };
		A67D9091E9E2B8F3E4237352 /* Pods_EssayCorrector.framework */ = {isa = PBXFileReference; explicitFileType = wrapper.framework; includeInIndex = 0; path = Pods_EssayCorrector.framework; sourceTree = BUILT_PRODUCTS_DIR; };
/* End PBXFileReference section */

/* Begin PBXFrameworksBuildPhase section */
		4D2AD98C1CC5D52B000E8812 /* Frameworks */ = {
			isa = PBXFrameworksBuildPhase;
			buildActionMask = 2147483647;
			files = (
				302878F1D4CA22565BCEF763 /* Pods_EssayCorrector.framework in Frameworks */,
			);
			runOnlyForDeploymentPostprocessing = 0;
		};
		4D2AD9A01CC5D52B000E8812 /* Frameworks */ = {
			isa = PBXFrameworksBuildPhase;
			buildActionMask = 2147483647;
			files = (
			);
			runOnlyForDeploymentPostprocessing = 0;
		};
		4D2AD9AB1CC5D52B000E8812 /* Frameworks */ = {
			isa = PBXFrameworksBuildPhase;
			buildActionMask = 2147483647;
			files = (
			);
			runOnlyForDeploymentPostprocessing = 0;
		};
/* End PBXFrameworksBuildPhase section */

/* Begin PBXGroup section */
		19773BC2BB7FDDEEC09CE3E1 /* Frameworks */ = {
			isa = PBXGroup;
			children = (
				A67D9091E9E2B8F3E4237352 /* Pods_EssayCorrector.framework */,
			);
			name = Frameworks;
			sourceTree = "<group>";
		};
		4D2AD9861CC5D52B000E8812 = {
			isa = PBXGroup;
			children = (
				4D2AD9911CC5D52B000E8812 /* EssayCorrector */,
				4D2AD9A61CC5D52B000E8812 /* EssayCorrectorTests */,
				4D2AD9B11CC5D52B000E8812 /* EssayCorrectorUITests */,
				4D2AD9901CC5D52B000E8812 /* Products */,
				A710C8F13878870DC2100935 /* Pods */,
				19773BC2BB7FDDEEC09CE3E1 /* Frameworks */,
			);
			sourceTree = "<group>";
		};
		4D2AD9901CC5D52B000E8812 /* Products */ = {
			isa = PBXGroup;
			children = (
				4D2AD98F1CC5D52B000E8812 /* EssayCorrector.app */,
				4D2AD9A31CC5D52B000E8812 /* EssayCorrectorTests.xctest */,
				4D2AD9AE1CC5D52B000E8812 /* EssayCorrectorUITests.xctest */,
			);
			name = Products;
			sourceTree = "<group>";
		};
		4D2AD9911CC5D52B000E8812 /* EssayCorrector */ = {
			isa = PBXGroup;
			children = (
				4D287DAE1CCD7BF8009F6093 /* Black_Cat.pdf */,
				4D2AD9921CC5D52B000E8812 /* AppDelegate.swift */,
				4D2AD9941CC5D52B000E8812 /* ViewController.swift */,
				4D2AD9961CC5D52B000E8812 /* Main.storyboard */,
				4D2AD9991CC5D52B000E8812 /* Assets.xcassets */,
				4D2AD99B1CC5D52B000E8812 /* LaunchScreen.storyboard */,
				4D2AD99E1CC5D52B000E8812 /* Info.plist */,
				4DDCE2611CD68D8D0008C95C /* Utilities.swift */,
			);
			path = EssayCorrector;
			sourceTree = "<group>";
		};
		4D2AD9A61CC5D52B000E8812 /* EssayCorrectorTests */ = {
			isa = PBXGroup;
			children = (
				4D2AD9A71CC5D52B000E8812 /* EssayCorrectorTests.swift */,
				4D2AD9A91CC5D52B000E8812 /* Info.plist */,
			);
			path = EssayCorrectorTests;
			sourceTree = "<group>";
		};
		4D2AD9B11CC5D52B000E8812 /* EssayCorrectorUITests */ = {
			isa = PBXGroup;
			children = (
				4D2AD9B21CC5D52B000E8812 /* EssayCorrectorUITests.swift */,
				4D2AD9B41CC5D52B000E8812 /* Info.plist */,
			);
			path = EssayCorrectorUITests;
			sourceTree = "<group>";
		};
		A710C8F13878870DC2100935 /* Pods */ = {
			isa = PBXGroup;
			children = (
				20FB8F5659A44E200417C114 /* Pods-EssayCorrector.debug.xcconfig */,
				7F9F20C46E20E908AF3405AD /* Pods-EssayCorrector.release.xcconfig */,
			);
			name = Pods;
			sourceTree = "<group>";
		};
/* End PBXGroup section */

/* Begin PBXNativeTarget section */
		4D2AD98E1CC5D52B000E8812 /* EssayCorrector */ = {
			isa = PBXNativeTarget;
			buildConfigurationList = 4D2AD9B71CC5D52B000E8812 /* Build configuration list for PBXNativeTarget "EssayCorrector" */;
			buildPhases = (
				5707080034C9BC10F21A37B2 /* Check Pods Manifest.lock */,
				4D2AD98B1CC5D52B000E8812 /* Sources */,
				4D2AD98C1CC5D52B000E8812 /* Frameworks */,
				4D2AD98D1CC5D52B000E8812 /* Resources */,
				549F6BBA72C92F0E94A7EB36 /* Embed Pods Frameworks */,
				A491522A78CBBD4C26459BA2 /* Copy Pods Resources */,
			);
			buildRules = (
			);
			dependencies = (
			);
			name = EssayCorrector;
			productName = EssayCorrector;
			productReference = 4D2AD98F1CC5D52B000E8812 /* EssayCorrector.app */;
			productType = "com.apple.product-type.application";
		};
		4D2AD9A21CC5D52B000E8812 /* EssayCorrectorTests */ = {
			isa = PBXNativeTarget;
			buildConfigurationList = 4D2AD9BA1CC5D52B000E8812 /* Build configuration list for PBXNativeTarget "EssayCorrectorTests" */;
			buildPhases = (
				4D2AD99F1CC5D52B000E8812 /* Sources */,
				4D2AD9A01CC5D52B000E8812 /* Frameworks */,
				4D2AD9A11CC5D52B000E8812 /* Resources */,
			);
			buildRules = (
			);
			dependencies = (
				4D2AD9A51CC5D52B000E8812 /* PBXTargetDependency */,
			);
			name = EssayCorrectorTests;
			productName = EssayCorrectorTests;
			productReference = 4D2AD9A31CC5D52B000E8812 /* EssayCorrectorTests.xctest */;
			productType = "com.apple.product-type.bundle.unit-test";
		};
		4D2AD9AD1CC5D52B000E8812 /* EssayCorrectorUITests */ = {
			isa = PBXNativeTarget;
			buildConfigurationList = 4D2AD9BD1CC5D52B000E8812 /* Build configuration list for PBXNativeTarget "EssayCorrectorUITests" */;
			buildPhases = (
				4D2AD9AA1CC5D52B000E8812 /* Sources */,
				4D2AD9AB1CC5D52B000E8812 /* Frameworks */,
				4D2AD9AC1CC5D52B000E8812 /* Resources */,
			);
			buildRules = (
			);
			dependencies = (
				4D2AD9B01CC5D52B000E8812 /* PBXTargetDependency */,
			);
			name = EssayCorrectorUITests;
			productName = EssayCorrectorUITests;
			productReference = 4D2AD9AE1CC5D52B000E8812 /* EssayCorrectorUITests.xctest */;
			productType = "com.apple.product-type.bundle.ui-testing";
		};
/* End PBXNativeTarget section */

/* Begin PBXProject section */
		4D2AD9871CC5D52B000E8812 /* Project object */ = {
			isa = PBXProject;
			attributes = {
				LastSwiftUpdateCheck = 0730;
				LastUpgradeCheck = 0730;
				ORGANIZATIONNAME = "Jose Bigio";
				TargetAttributes = {
					4D2AD98E1CC5D52B000E8812 = {
						CreatedOnToolsVersion = 7.3;
						DevelopmentTeam = A66BEQ5C6V;
					};
					4D2AD9A21CC5D52B000E8812 = {
						CreatedOnToolsVersion = 7.3;
						TestTargetID = 4D2AD98E1CC5D52B000E8812;
					};
					4D2AD9AD1CC5D52B000E8812 = {
						CreatedOnToolsVersion = 7.3;
						TestTargetID = 4D2AD98E1CC5D52B000E8812;
					};
				};
			};
			buildConfigurationList = 4D2AD98A1CC5D52B000E8812 /* Build configuration list for PBXProject "EssayCorrector" */;
			compatibilityVersion = "Xcode 3.2";
			developmentRegion = English;
			hasScannedForEncodings = 0;
			knownRegions = (
				en,
				Base,
			);
			mainGroup = 4D2AD9861CC5D52B000E8812;
			productRefGroup = 4D2AD9901CC5D52B000E8812 /* Products */;
			projectDirPath = "";
			projectRoot = "";
			targets = (
				4D2AD98E1CC5D52B000E8812 /* EssayCorrector */,
				4D2AD9A21CC5D52B000E8812 /* EssayCorrectorTests */,
				4D2AD9AD1CC5D52B000E8812 /* EssayCorrectorUITests */,
			);
		};
/* End PBXProject section */

/* Begin PBXResourcesBuildPhase section */
		4D2AD98D1CC5D52B000E8812 /* Resources */ = {
			isa = PBXResourcesBuildPhase;
			buildActionMask = 2147483647;
			files = (
				4D2AD99D1CC5D52B000E8812 /* LaunchScreen.storyboard in Resources */,
				4D287DAF1CCD7BF8009F6093 /* Black_Cat.pdf in Resources */,
				4D2AD99A1CC5D52B000E8812 /* Assets.xcassets in Resources */,
				4D2AD9981CC5D52B000E8812 /* Main.storyboard in Resources */,
			);
			runOnlyForDeploymentPostprocessing = 0;
		};
		4D2AD9A11CC5D52B000E8812 /* Resources */ = {
			isa = PBXResourcesBuildPhase;
			buildActionMask = 2147483647;
			files = (
			);
			runOnlyForDeploymentPostprocessing = 0;
		};
		4D2AD9AC1CC5D52B000E8812 /* Resources */ = {
			isa = PBXResourcesBuildPhase;
			buildActionMask = 2147483647;
			files = (
			);
			runOnlyForDeploymentPostprocessing = 0;
		};
/* End PBXResourcesBuildPhase section */

/* Begin PBXShellScriptBuildPhase section */
		549F6BBA72C92F0E94A7EB36 /* Embed Pods Frameworks */ = {
			isa = PBXShellScriptBuildPhase;
			buildActionMask = 2147483647;
			files = (
			);
			inputPaths = (
			);
			name = "Embed Pods Frameworks";
			outputPaths = (
			);
			runOnlyForDeploymentPostprocessing = 0;
			shellPath = /bin/sh;
			shellScript = "\"${SRCROOT}/Pods/Target Support Files/Pods-EssayCorrector/Pods-EssayCorrector-frameworks.sh\"\n";
			showEnvVarsInLog = 0;
		};
		5707080034C9BC10F21A37B2 /* Check Pods Manifest.lock */ = {
			isa = PBXShellScriptBuildPhase;
			buildActionMask = 2147483647;
			files = (
			);
			inputPaths = (
			);
			name = "Check Pods Manifest.lock";
			outputPaths = (
			);
			runOnlyForDeploymentPostprocessing = 0;
			shellPath = /bin/sh;
			shellScript = "diff \"${PODS_ROOT}/../Podfile.lock\" \"${PODS_ROOT}/Manifest.lock\" > /dev/null\nif [[ $? != 0 ]] ; then\n    cat << EOM\nerror: The sandbox is not in sync with the Podfile.lock. Run 'pod install' or update your CocoaPods installation.\nEOM\n    exit 1\nfi\n";
			showEnvVarsInLog = 0;
		};
		A491522A78CBBD4C26459BA2 /* Copy Pods Resources */ = {
			isa = PBXShellScriptBuildPhase;
			buildActionMask = 2147483647;
			files = (
			);
			inputPaths = (
			);
			name = "Copy Pods Resources";
			outputPaths = (
			);
			runOnlyForDeploymentPostprocessing = 0;
			shellPath = /bin/sh;
			shellScript = "\"${SRCROOT}/Pods/Target Support Files/Pods-EssayCorrector/Pods-EssayCorrector-resources.sh\"\n";
			showEnvVarsInLog = 0;
		};
/* End PBXShellScriptBuildPhase section */

/* Begin PBXSourcesBuildPhase section */
		4D2AD98B1CC5D52B000E8812 /* Sources */ = {
			isa = PBXSourcesBuildPhase;
			buildActionMask = 2147483647;
			files = (
				4DDCE2621CD68D8D0008C95C /* Utilities.swift in Sources */,
				4D2AD9951CC5D52B000E8812 /* ViewController.swift in Sources */,
				4D2AD9931CC5D52B000E8812 /* AppDelegate.swift in Sources */,
			);
			runOnlyForDeploymentPostprocessing = 0;
		};
		4D2AD99F1CC5D52B000E8812 /* Sources */ = {
			isa = PBXSourcesBuildPhase;
			buildActionMask = 2147483647;
			files = (
				4D2AD9A81CC5D52B000E8812 /* EssayCorrectorTests.swift in Sources */,
			);
			runOnlyForDeploymentPostprocessing = 0;
		};
		4D2AD9AA1CC5D52B000E8812 /* Sources */ = {
			isa = PBXSourcesBuildPhase;
			buildActionMask = 2147483647;
			files = (
				4D2AD9B31CC5D52B000E8812 /* EssayCorrectorUITests.swift in Sources */,
			);
			runOnlyForDeploymentPostprocessing = 0;
		};
/* End PBXSourcesBuildPhase section */

/* Begin PBXTargetDependency section */
		4D2AD9A51CC5D52B000E8812 /* PBXTargetDependency */ = {
			isa = PBXTargetDependency;
			target = 4D2AD98E1CC5D52B000E8812 /* EssayCorrector */;
			targetProxy = 4D2AD9A41CC5D52B000E8812 /* PBXContainerItemProxy */;
		};
		4D2AD9B01CC5D52B000E8812 /* PBXTargetDependency */ = {
			isa = PBXTargetDependency;
			target = 4D2AD98E1CC5D52B000E8812 /* EssayCorrector */;
			targetProxy = 4D2AD9AF1CC5D52B000E8812 /* PBXContainerItemProxy */;
		};
/* End PBXTargetDependency section */

/* Begin PBXVariantGroup section */
		4D2AD9961CC5D52B000E8812 /* Main.storyboard */ = {
			isa = PBXVariantGroup;
			children = (
				4D2AD9971CC5D52B000E8812 /* Base */,
			);
			name = Main.storyboard;
			sourceTree = "<group>";
		};
		4D2AD99B1CC5D52B000E8812 /* LaunchScreen.storyboard */ = {
			isa = PBXVariantGroup;
			children = (
				4D2AD99C1CC5D52B000E8812 /* Base */,
			);
			name = LaunchScreen.storyboard;
			sourceTree = "<group>";
		};
/* End PBXVariantGroup section */

/* Begin XCBuildConfiguration section */
		4D2AD9B51CC5D52B000E8812 /* Debug */ = {
			isa = XCBuildConfiguration;
			buildSettings = {
				ALWAYS_SEARCH_USER_PATHS = NO;
				CLANG_ANALYZER_NONNULL = YES;
				CLANG_CXX_LANGUAGE_STANDARD = "gnu++0x";
				CLANG_CXX_LIBRARY = "libc++";
				CLANG_ENABLE_MODULES = YES;
				CLANG_ENABLE_OBJC_ARC = YES;
				CLANG_WARN_BOOL_CONVERSION = YES;
				CLANG_WARN_CONSTANT_CONVERSION = YES;
				CLANG_WARN_DIRECT_OBJC_ISA_USAGE = YES_ERROR;
				CLANG_WARN_EMPTY_BODY = YES;
				CLANG_WARN_ENUM_CONVERSION = YES;
				CLANG_WARN_INT_CONVERSION = YES;
				CLANG_WARN_OBJC_ROOT_CLASS = YES_ERROR;
				CLANG_WARN_UNREACHABLE_CODE = YES;
				CLANG_WARN__DUPLICATE_METHOD_MATCH = YES;
				"CODE_SIGN_IDENTITY[sdk=iphoneos*]" = "iPhone Developer";
				COPY_PHASE_STRIP = NO;
				DEBUG_INFORMATION_FORMAT = dwarf;
				ENABLE_STRICT_OBJC_MSGSEND = YES;
				ENABLE_TESTABILITY = YES;
				GCC_C_LANGUAGE_STANDARD = gnu99;
				GCC_DYNAMIC_NO_PIC = NO;
				GCC_NO_COMMON_BLOCKS = YES;
				GCC_OPTIMIZATION_LEVEL = 0;
				GCC_PREPROCESSOR_DEFINITIONS = (
					"DEBUG=1",
					"$(inherited)",
				);
				GCC_WARN_64_TO_32_BIT_CONVERSION = YES;
				GCC_WARN_ABOUT_RETURN_TYPE = YES_ERROR;
				GCC_WARN_UNDECLARED_SELECTOR = YES;
				GCC_WARN_UNINITIALIZED_AUTOS = YES_AGGRESSIVE;
				GCC_WARN_UNUSED_FUNCTION = YES;
				GCC_WARN_UNUSED_VARIABLE = YES;
				IPHONEOS_DEPLOYMENT_TARGET = 9.3;
				MTL_ENABLE_DEBUG_INFO = YES;
				ONLY_ACTIVE_ARCH = YES;
				SDKROOT = iphoneos;
				SWIFT_OPTIMIZATION_LEVEL = "-Onone";
				TARGETED_DEVICE_FAMILY = "1,2";
			};
			name = Debug;
		};
		4D2AD9B61CC5D52B000E8812 /* Release */ = {
			isa = XCBuildConfiguration;
			buildSettings = {
				ALWAYS_SEARCH_USER_PATHS = NO;
				CLANG_ANALYZER_NONNULL = YES;
				CLANG_CXX_LANGUAGE_STANDARD = "gnu++0x";
				CLANG_CXX_LIBRARY = "libc++";
				CLANG_ENABLE_MODULES = YES;
				CLANG_ENABLE_OBJC_ARC = YES;
				CLANG_WARN_BOOL_CONVERSION = YES;
				CLANG_WARN_CONSTANT_CONVERSION = YES;
				CLANG_WARN_DIRECT_OBJC_ISA_USAGE = YES_ERROR;
				CLANG_WARN_EMPTY_BODY = YES;
				CLANG_WARN_ENUM_CONVERSION = YES;
				CLANG_WARN_INT_CONVERSION = YES;
				CLANG_WARN_OBJC_ROOT_CLASS = YES_ERROR;
				CLANG_WARN_UNREACHABLE_CODE = YES;
				CLANG_WARN__DUPLICATE_METHOD_MATCH = YES;
				"CODE_SIGN_IDENTITY[sdk=iphoneos*]" = "iPhone Developer";
				COPY_PHASE_STRIP = NO;
				DEBUG_INFORMATION_FORMAT = "dwarf-with-dsym";
				ENABLE_NS_ASSERTIONS = NO;
				ENABLE_STRICT_OBJC_MSGSEND = YES;
				GCC_C_LANGUAGE_STANDARD = gnu99;
				GCC_NO_COMMON_BLOCKS = YES;
				GCC_WARN_64_TO_32_BIT_CONVERSION = YES;
				GCC_WARN_ABOUT_RETURN_TYPE = YES_ERROR;
				GCC_WARN_UNDECLARED_SELECTOR = YES;
				GCC_WARN_UNINITIALIZED_AUTOS = YES_AGGRESSIVE;
				GCC_WARN_UNUSED_FUNCTION = YES;
				GCC_WARN_UNUSED_VARIABLE = YES;
				IPHONEOS_DEPLOYMENT_TARGET = 9.3;
				MTL_ENABLE_DEBUG_INFO = NO;
				SDKROOT = iphoneos;
				TARGETED_DEVICE_FAMILY = "1,2";
				VALIDATE_PRODUCT = YES;
			};
			name = Release;
		};
		4D2AD9B81CC5D52B000E8812 /* Debug */ = {
			isa = XCBuildConfiguration;
			baseConfigurationReference = 20FB8F5659A44E200417C114 /* Pods-EssayCorrector.debug.xcconfig */;
			buildSettings = {
				ASSETCATALOG_COMPILER_APPICON_NAME = AppIcon;
				CODE_SIGN_IDENTITY = "iPhone Developer";
				"CODE_SIGN_IDENTITY[sdk=iphoneos*]" = "iPhone Developer";
				INFOPLIST_FILE = EssayCorrector/Info.plist;
				LD_RUNPATH_SEARCH_PATHS = "$(inherited) @executable_path/Frameworks";
				PRODUCT_BUNDLE_IDENTIFIER = com.josebigio.EssayCorrector23;
				PRODUCT_NAME = "$(TARGET_NAME)";
				PROVISIONING_PROFILE = "";
			};
			name = Debug;
		};
		4D2AD9B91CC5D52B000E8812 /* Release */ = {
			isa = XCBuildConfiguration;
			baseConfigurationReference = 7F9F20C46E20E908AF3405AD /* Pods-EssayCorrector.release.xcconfig */;
			buildSettings = {
				ASSETCATALOG_COMPILER_APPICON_NAME = AppIcon;
				CODE_SIGN_IDENTITY = "iPhone Developer";
				"CODE_SIGN_IDENTITY[sdk=iphoneos*]" = "iPhone Developer";
				INFOPLIST_FILE = EssayCorrector/Info.plist;
				LD_RUNPATH_SEARCH_PATHS = "$(inherited) @executable_path/Frameworks";
				PRODUCT_BUNDLE_IDENTIFIER = com.josebigio.EssayCorrector23;
				PRODUCT_NAME = "$(TARGET_NAME)";
				PROVISIONING_PROFILE = "";
			};
			name = Release;
		};
		4D2AD9BB1CC5D52B000E8812 /* Debug */ = {
			isa = XCBuildConfiguration;
			buildSettings = {
				BUNDLE_LOADER = "$(TEST_HOST)";
				INFOPLIST_FILE = EssayCorrectorTests/Info.plist;
				LD_RUNPATH_SEARCH_PATHS = "$(inherited) @executable_path/Frameworks @loader_path/Frameworks";
				PRODUCT_BUNDLE_IDENTIFIER = com.josebigio.EssayCorrectorTests;
				PRODUCT_NAME = "$(TARGET_NAME)";
				TEST_HOST = "$(BUILT_PRODUCTS_DIR)/EssayCorrector.app/EssayCorrector";
			};
			name = Debug;
		};
		4D2AD9BC1CC5D52B000E8812 /* Release */ = {
			isa = XCBuildConfiguration;
			buildSettings = {
				BUNDLE_LOADER = "$(TEST_HOST)";
				INFOPLIST_FILE = EssayCorrectorTests/Info.plist;
				LD_RUNPATH_SEARCH_PATHS = "$(inherited) @executable_path/Frameworks @loader_path/Frameworks";
				PRODUCT_BUNDLE_IDENTIFIER = com.josebigio.EssayCorrectorTests;
				PRODUCT_NAME = "$(TARGET_NAME)";
				TEST_HOST = "$(BUILT_PRODUCTS_DIR)/EssayCorrector.app/EssayCorrector";
			};
			name = Release;
		};
		4D2AD9BE1CC5D52B000E8812 /* Debug */ = {
			isa = XCBuildConfiguration;
			buildSettings = {
				INFOPLIST_FILE = EssayCorrectorUITests/Info.plist;
				LD_RUNPATH_SEARCH_PATHS = "$(inherited) @executable_path/Frameworks @loader_path/Frameworks";
				PRODUCT_BUNDLE_IDENTIFIER = com.josebigio.EssayCorrectorUITests;
				PRODUCT_NAME = "$(TARGET_NAME)";
				TEST_TARGET_NAME = EssayCorrector;
			};
			name = Debug;
		};
		4D2AD9BF1CC5D52B000E8812 /* Release */ = {
			isa = XCBuildConfiguration;
			buildSettings = {
				INFOPLIST_FILE = EssayCorrectorUITests/Info.plist;
				LD_RUNPATH_SEARCH_PATHS = "$(inherited) @executable_path/Frameworks @loader_path/Frameworks";
				PRODUCT_BUNDLE_IDENTIFIER = com.josebigio.EssayCorrectorUITests;
				PRODUCT_NAME = "$(TARGET_NAME)";
				TEST_TARGET_NAME = EssayCorrector;
			};
			name = Release;
		};
/* End XCBuildConfiguration section */

/* Begin XCConfigurationList section */
		4D2AD98A1CC5D52B000E8812 /* Build configuration list for PBXProject "EssayCorrector" */ = {
			isa = XCConfigurationList;
			buildConfigurations = (
				4D2AD9B51CC5D52B000E8812 /* Debug */,
				4D2AD9B61CC5D52B000E8812 /* Release */,
			);
			defaultConfigurationIsVisible = 0;
			defaultConfigurationName = Release;
		};
		4D2AD9B71CC5D52B000E8812 /* Build configuration list for PBXNativeTarget "EssayCorrector" */ = {
			isa = XCConfigurationList;
			buildConfigurations = (
				4D2AD9B81CC5D52B000E8812 /* Debug */,
				4D2AD9B91CC5D52B000E8812 /* Release */,
			);
			defaultConfigurationIsVisible = 0;
			defaultConfigurationName = Release;
		};
		4D2AD9BA1CC5D52B000E8812 /* Build configuration list for PBXNativeTarget "EssayCorrectorTests" */ = {
			isa = XCConfigurationList;
			buildConfigurations = (
				4D2AD9BB1CC5D52B000E8812 /* Debug */,
				4D2AD9BC1CC5D52B000E8812 /* Release */,
			);
			defaultConfigurationIsVisible = 0;
			defaultConfigurationName = Release;
		};
		4D2AD9BD1CC5D52B000E8812 /* Build configuration list for PBXNativeTarget "EssayCorrectorUITests" */ = {
			isa = XCConfigurationList;
			buildConfigurations = (
				4D2AD9BE1CC5D52B000E8812 /* Debug */,
				4D2AD9BF1CC5D52B000E8812 /* Release */,
			);
			defaultConfigurationIsVisible = 0;
			defaultConfigurationName = Release;
		};
/* End XCConfigurationList section */
	};
	rootObject = 4D2AD9871CC5D52B000E8812 /* Project object */;
}
